// !$*UTF8*$!
{
	archiveVersion = 1;
	classes = {
	};
	objectVersion = 56;
	objects = {

/* Begin PBXBuildFile section */
		CB765FD42BFD39F40041451E /* AudioKit in Frameworks */ = {isa = PBXBuildFile; productRef = CB765FD32BFD39F40041451E /* AudioKit */; };
		CB765FD62BFD3A390041451E /* AudioKitEX in Frameworks */ = {isa = PBXBuildFile; productRef = CB765FD52BFD3A390041451E /* AudioKitEX */; };
		CB765FD82BFD3A3D0041451E /* AudioKitUI in Frameworks */ = {isa = PBXBuildFile; productRef = CB765FD72BFD3A3D0041451E /* AudioKitUI */; };
		CB765FDA2BFD3A410041451E /* Keyboard in Frameworks */ = {isa = PBXBuildFile; productRef = CB765FD92BFD3A410041451E /* Keyboard */; };
		CB765FDC2BFD3A470041451E /* KissFFT in Frameworks */ = {isa = PBXBuildFile; productRef = CB765FDB2BFD3A470041451E /* KissFFT */; };
		CB765FDE2BFD3A4B0041451E /* SoundpipeAudioKit in Frameworks */ = {isa = PBXBuildFile; productRef = CB765FDD2BFD3A4B0041451E /* SoundpipeAudioKit */; };
		CB765FE02BFD3A690041451E /* CameraController.swift in Sources */ = {isa = PBXBuildFile; fileRef = CB765FDF2BFD3A690041451E /* CameraController.swift */; };
		CB765FE22BFD3A8C0041451E /* WatchConnector.swift in Sources */ = {isa = PBXBuildFile; fileRef = CB765FE12BFD3A8C0041451E /* WatchConnector.swift */; };
		CB765FE62BFD3B1C0041451E /* WatchToiOSConnector.swift in Sources */ = {isa = PBXBuildFile; fileRef = CB765FE52BFD3B1C0041451E /* WatchToiOSConnector.swift */; };
		CB765FEA2BFD4F260041451E /* HandView.swift in Sources */ = {isa = PBXBuildFile; fileRef = CB765FE92BFD4F260041451E /* HandView.swift */; };
		CB765FEC2BFD4F420041451E /* TechnicalView.swift in Sources */ = {isa = PBXBuildFile; fileRef = CB765FEB2BFD4F420041451E /* TechnicalView.swift */; };
		CB765FEE2BFD4F630041451E /* InstructionsView.swift in Sources */ = {isa = PBXBuildFile; fileRef = CB765FED2BFD4F630041451E /* InstructionsView.swift */; };
		CB8AD2D72BFD386C00A5296E /* ThereminApp.swift in Sources */ = {isa = PBXBuildFile; fileRef = CB8AD2D62BFD386C00A5296E /* ThereminApp.swift */; };
		CB8AD2DB2BFD386D00A5296E /* Assets.xcassets in Resources */ = {isa = PBXBuildFile; fileRef = CB8AD2DA2BFD386D00A5296E /* Assets.xcassets */; };
		CB8AD2DE2BFD386D00A5296E /* Preview Assets.xcassets in Resources */ = {isa = PBXBuildFile; fileRef = CB8AD2DD2BFD386D00A5296E /* Preview Assets.xcassets */; };
		CB8AD2E42BFD386D00A5296E /* Theremin Watch App.app in Embed Watch Content */ = {isa = PBXBuildFile; fileRef = CB8AD2E32BFD386D00A5296E /* Theremin Watch App.app */; settings = {ATTRIBUTES = (RemoveHeadersOnCopy, ); }; };
		CB8AD2E92BFD386D00A5296E /* ThereminApp.swift in Sources */ = {isa = PBXBuildFile; fileRef = CB8AD2E82BFD386D00A5296E /* ThereminApp.swift */; };
		CB8AD2EB2BFD386D00A5296E /* ContentView.swift in Sources */ = {isa = PBXBuildFile; fileRef = CB8AD2EA2BFD386D00A5296E /* ContentView.swift */; };
		CB8AD2ED2BFD386E00A5296E /* Assets.xcassets in Resources */ = {isa = PBXBuildFile; fileRef = CB8AD2EC2BFD386E00A5296E /* Assets.xcassets */; };
		CB8AD2F02BFD386E00A5296E /* Preview Assets.xcassets in Resources */ = {isa = PBXBuildFile; fileRef = CB8AD2EF2BFD386E00A5296E /* Preview Assets.xcassets */; };
/* End PBXBuildFile section */

/* Begin PBXContainerItemProxy section */
		CB8AD2E52BFD386D00A5296E /* PBXContainerItemProxy */ = {
			isa = PBXContainerItemProxy;
			containerPortal = CB8AD2CB2BFD386C00A5296E /* Project object */;
			proxyType = 1;
			remoteGlobalIDString = CB8AD2E22BFD386D00A5296E;
			remoteInfo = "Theremin Watch App";
		};
/* End PBXContainerItemProxy section */

/* Begin PBXCopyFilesBuildPhase section */
		CB8AD2F62BFD386E00A5296E /* Embed Watch Content */ = {
			isa = PBXCopyFilesBuildPhase;
			buildActionMask = 2147483647;
			dstPath = "$(CONTENTS_FOLDER_PATH)/Watch";
			dstSubfolderSpec = 16;
			files = (
				CB8AD2E42BFD386D00A5296E /* Theremin Watch App.app in Embed Watch Content */,
			);
			name = "Embed Watch Content";
			runOnlyForDeploymentPostprocessing = 0;
		};
/* End PBXCopyFilesBuildPhase section */

/* Begin PBXFileReference section */
		CB765FD12BFD39E30041451E /* Info.plist */ = {isa = PBXFileReference; lastKnownFileType = text.plist; path = Info.plist; sourceTree = "<group>"; };
		CB765FDF2BFD3A690041451E /* CameraController.swift */ = {isa = PBXFileReference; lastKnownFileType = sourcecode.swift; path = CameraController.swift; sourceTree = "<group>"; };
		CB765FE12BFD3A8C0041451E /* WatchConnector.swift */ = {isa = PBXFileReference; lastKnownFileType = sourcecode.swift; path = WatchConnector.swift; sourceTree = "<group>"; };
		CB765FE52BFD3B1C0041451E /* WatchToiOSConnector.swift */ = {isa = PBXFileReference; lastKnownFileType = sourcecode.swift; path = WatchToiOSConnector.swift; sourceTree = "<group>"; };
		CB765FE92BFD4F260041451E /* HandView.swift */ = {isa = PBXFileReference; lastKnownFileType = sourcecode.swift; path = HandView.swift; sourceTree = "<group>"; };
		CB765FEB2BFD4F420041451E /* TechnicalView.swift */ = {isa = PBXFileReference; lastKnownFileType = sourcecode.swift; path = TechnicalView.swift; sourceTree = "<group>"; };
		CB765FED2BFD4F630041451E /* InstructionsView.swift */ = {isa = PBXFileReference; lastKnownFileType = sourcecode.swift; path = InstructionsView.swift; sourceTree = "<group>"; };
		CB8AD2D32BFD386C00A5296E /* Theremin.app */ = {isa = PBXFileReference; explicitFileType = wrapper.application; includeInIndex = 0; path = Theremin.app; sourceTree = BUILT_PRODUCTS_DIR; };
		CB8AD2D62BFD386C00A5296E /* ThereminApp.swift */ = {isa = PBXFileReference; lastKnownFileType = sourcecode.swift; path = ThereminApp.swift; sourceTree = "<group>"; };
		CB8AD2DA2BFD386D00A5296E /* Assets.xcassets */ = {isa = PBXFileReference; lastKnownFileType = folder.assetcatalog; path = Assets.xcassets; sourceTree = "<group>"; };
		CB8AD2DD2BFD386D00A5296E /* Preview Assets.xcassets */ = {isa = PBXFileReference; lastKnownFileType = folder.assetcatalog; path = "Preview Assets.xcassets"; sourceTree = "<group>"; };
		CB8AD2E32BFD386D00A5296E /* Theremin Watch App.app */ = {isa = PBXFileReference; explicitFileType = wrapper.application; includeInIndex = 0; path = "Theremin Watch App.app"; sourceTree = BUILT_PRODUCTS_DIR; };
		CB8AD2E82BFD386D00A5296E /* ThereminApp.swift */ = {isa = PBXFileReference; lastKnownFileType = sourcecode.swift; path = ThereminApp.swift; sourceTree = "<group>"; };
		CB8AD2EA2BFD386D00A5296E /* ContentView.swift */ = {isa = PBXFileReference; lastKnownFileType = sourcecode.swift; path = ContentView.swift; sourceTree = "<group>"; };
		CB8AD2EC2BFD386E00A5296E /* Assets.xcassets */ = {isa = PBXFileReference; lastKnownFileType = folder.assetcatalog; path = Assets.xcassets; sourceTree = "<group>"; };
		CB8AD2EF2BFD386E00A5296E /* Preview Assets.xcassets */ = {isa = PBXFileReference; lastKnownFileType = folder.assetcatalog; path = "Preview Assets.xcassets"; sourceTree = "<group>"; };
/* End PBXFileReference section */

/* Begin PBXFrameworksBuildPhase section */
		CB8AD2D02BFD386C00A5296E /* Frameworks */ = {
			isa = PBXFrameworksBuildPhase;
			buildActionMask = 2147483647;
			files = (
				CB765FD42BFD39F40041451E /* AudioKit in Frameworks */,
				CB765FDC2BFD3A470041451E /* KissFFT in Frameworks */,
				CB765FDE2BFD3A4B0041451E /* SoundpipeAudioKit in Frameworks */,
				CB765FDA2BFD3A410041451E /* Keyboard in Frameworks */,
				CB765FD82BFD3A3D0041451E /* AudioKitUI in Frameworks */,
				CB765FD62BFD3A390041451E /* AudioKitEX in Frameworks */,
			);
			runOnlyForDeploymentPostprocessing = 0;
		};
		CB8AD2E02BFD386D00A5296E /* Frameworks */ = {
			isa = PBXFrameworksBuildPhase;
			buildActionMask = 2147483647;
			files = (
			);
			runOnlyForDeploymentPostprocessing = 0;
		};
/* End PBXFrameworksBuildPhase section */

/* Begin PBXGroup section */
		CB765FD22BFD39F40041451E /* Frameworks */ = {
			isa = PBXGroup;
			children = (
			);
			name = Frameworks;
			sourceTree = "<group>";
		};
		CB765FE82BFD4EFD0041451E /* UITools */ = {
			isa = PBXGroup;
			children = (
				CB765FE92BFD4F260041451E /* HandView.swift */,
				CB765FEB2BFD4F420041451E /* TechnicalView.swift */,
			);
			path = UITools;
			sourceTree = "<group>";
		};
		CB8AD2CA2BFD386C00A5296E = {
			isa = PBXGroup;
			children = (
				CB765FE82BFD4EFD0041451E /* UITools */,
				CB8AD2D52BFD386C00A5296E /* Theremin */,
				CB8AD2E72BFD386D00A5296E /* Theremin Watch App */,
				CB8AD2D42BFD386C00A5296E /* Products */,
				CB765FD22BFD39F40041451E /* Frameworks */,
			);
			sourceTree = "<group>";
		};
		CB8AD2D42BFD386C00A5296E /* Products */ = {
			isa = PBXGroup;
			children = (
				CB8AD2D32BFD386C00A5296E /* Theremin.app */,
				CB8AD2E32BFD386D00A5296E /* Theremin Watch App.app */,
			);
			name = Products;
			sourceTree = "<group>";
		};
		CB8AD2D52BFD386C00A5296E /* Theremin */ = {
			isa = PBXGroup;
			children = (
				CB765FD12BFD39E30041451E /* Info.plist */,
				CB8AD2D62BFD386C00A5296E /* ThereminApp.swift */,
				CB765FED2BFD4F630041451E /* InstructionsView.swift */,
				CB765FDF2BFD3A690041451E /* CameraController.swift */,
				CB765FE12BFD3A8C0041451E /* WatchConnector.swift */,
				CB8AD2DA2BFD386D00A5296E /* Assets.xcassets */,
				CB8AD2DC2BFD386D00A5296E /* Preview Content */,
			);
			path = Theremin;
			sourceTree = "<group>";
		};
		CB8AD2DC2BFD386D00A5296E /* Preview Content */ = {
			isa = PBXGroup;
			children = (
				CB8AD2DD2BFD386D00A5296E /* Preview Assets.xcassets */,
			);
			path = "Preview Content";
			sourceTree = "<group>";
		};
		CB8AD2E72BFD386D00A5296E /* Theremin Watch App */ = {
			isa = PBXGroup;
			children = (
				CB8AD2E82BFD386D00A5296E /* ThereminApp.swift */,
				CB8AD2EA2BFD386D00A5296E /* ContentView.swift */,
				CB765FE52BFD3B1C0041451E /* WatchToiOSConnector.swift */,
				CB8AD2EC2BFD386E00A5296E /* Assets.xcassets */,
				CB8AD2EE2BFD386E00A5296E /* Preview Content */,
			);
			path = "Theremin Watch App";
			sourceTree = "<group>";
		};
		CB8AD2EE2BFD386E00A5296E /* Preview Content */ = {
			isa = PBXGroup;
			children = (
				CB8AD2EF2BFD386E00A5296E /* Preview Assets.xcassets */,
			);
			path = "Preview Content";
			sourceTree = "<group>";
		};
/* End PBXGroup section */

/* Begin PBXNativeTarget section */
		CB8AD2D22BFD386C00A5296E /* Theremin */ = {
			isa = PBXNativeTarget;
			buildConfigurationList = CB8AD2F72BFD386E00A5296E /* Build configuration list for PBXNativeTarget "Theremin" */;
			buildPhases = (
				CB8AD2CF2BFD386C00A5296E /* Sources */,
				CB8AD2D02BFD386C00A5296E /* Frameworks */,
				CB8AD2D12BFD386C00A5296E /* Resources */,
				CB8AD2F62BFD386E00A5296E /* Embed Watch Content */,
			);
			buildRules = (
			);
			dependencies = (
				CB8AD2E62BFD386D00A5296E /* PBXTargetDependency */,
			);
			name = Theremin;
			packageProductDependencies = (
				CB765FD32BFD39F40041451E /* AudioKit */,
				CB765FD52BFD3A390041451E /* AudioKitEX */,
				CB765FD72BFD3A3D0041451E /* AudioKitUI */,
				CB765FD92BFD3A410041451E /* Keyboard */,
				CB765FDB2BFD3A470041451E /* KissFFT */,
				CB765FDD2BFD3A4B0041451E /* SoundpipeAudioKit */,
			);
			productName = Theremin;
			productReference = CB8AD2D32BFD386C00A5296E /* Theremin.app */;
			productType = "com.apple.product-type.application";
		};
		CB8AD2E22BFD386D00A5296E /* Theremin Watch App */ = {
			isa = PBXNativeTarget;
			buildConfigurationList = CB8AD2F32BFD386E00A5296E /* Build configuration list for PBXNativeTarget "Theremin Watch App" */;
			buildPhases = (
				CB8AD2DF2BFD386D00A5296E /* Sources */,
				CB8AD2E02BFD386D00A5296E /* Frameworks */,
				CB8AD2E12BFD386D00A5296E /* Resources */,
			);
			buildRules = (
			);
			dependencies = (
			);
			name = "Theremin Watch App";
			productName = "Theremin Watch App";
			productReference = CB8AD2E32BFD386D00A5296E /* Theremin Watch App.app */;
			productType = "com.apple.product-type.application";
		};
/* End PBXNativeTarget section */

/* Begin PBXProject section */
		CB8AD2CB2BFD386C00A5296E /* Project object */ = {
			isa = PBXProject;
			attributes = {
				BuildIndependentTargetsInParallel = 1;
				LastSwiftUpdateCheck = 1530;
				LastUpgradeCheck = 1530;
				TargetAttributes = {
					CB8AD2D22BFD386C00A5296E = {
						CreatedOnToolsVersion = 15.3;
					};
					CB8AD2E22BFD386D00A5296E = {
						CreatedOnToolsVersion = 15.3;
					};
				};
			};
			buildConfigurationList = CB8AD2CE2BFD386C00A5296E /* Build configuration list for PBXProject "Theremin" */;
			compatibilityVersion = "Xcode 14.0";
			developmentRegion = en;
			hasScannedForEncodings = 0;
			knownRegions = (
				en,
				Base,
			);
			mainGroup = CB8AD2CA2BFD386C00A5296E;
			packageReferences = (
				CB8AD2FC2BFD394100A5296E /* XCRemoteSwiftPackageReference "AudioKit" */,
				CB8AD2FD2BFD395000A5296E /* XCRemoteSwiftPackageReference "AudioKitEX" */,
				CB8AD2FE2BFD395D00A5296E /* XCRemoteSwiftPackageReference "AudioKitUI" */,
				CB8AD2FF2BFD396C00A5296E /* XCRemoteSwiftPackageReference "Keyboard" */,
				CB8AD3002BFD397900A5296E /* XCRemoteSwiftPackageReference "KissFFT" */,
				CB8AD3012BFD398B00A5296E /* XCRemoteSwiftPackageReference "SoundpipeAudioKit" */,
			);
			productRefGroup = CB8AD2D42BFD386C00A5296E /* Products */;
			projectDirPath = "";
			projectRoot = "";
			targets = (
				CB8AD2D22BFD386C00A5296E /* Theremin */,
				CB8AD2E22BFD386D00A5296E /* Theremin Watch App */,
			);
		};
/* End PBXProject section */

/* Begin PBXResourcesBuildPhase section */
		CB8AD2D12BFD386C00A5296E /* Resources */ = {
			isa = PBXResourcesBuildPhase;
			buildActionMask = 2147483647;
			files = (
				CB8AD2DE2BFD386D00A5296E /* Preview Assets.xcassets in Resources */,
				CB8AD2DB2BFD386D00A5296E /* Assets.xcassets in Resources */,
			);
			runOnlyForDeploymentPostprocessing = 0;
		};
		CB8AD2E12BFD386D00A5296E /* Resources */ = {
			isa = PBXResourcesBuildPhase;
			buildActionMask = 2147483647;
			files = (
				CB8AD2F02BFD386E00A5296E /* Preview Assets.xcassets in Resources */,
				CB8AD2ED2BFD386E00A5296E /* Assets.xcassets in Resources */,
			);
			runOnlyForDeploymentPostprocessing = 0;
		};
/* End PBXResourcesBuildPhase section */

/* Begin PBXSourcesBuildPhase section */
		CB8AD2CF2BFD386C00A5296E /* Sources */ = {
			isa = PBXSourcesBuildPhase;
			buildActionMask = 2147483647;
			files = (
				CB765FE02BFD3A690041451E /* CameraController.swift in Sources */,
				CB765FEE2BFD4F630041451E /* InstructionsView.swift in Sources */,
				CB765FE22BFD3A8C0041451E /* WatchConnector.swift in Sources */,
				CB8AD2D72BFD386C00A5296E /* ThereminApp.swift in Sources */,
				CB765FEA2BFD4F260041451E /* HandView.swift in Sources */,
				CB765FEC2BFD4F420041451E /* TechnicalView.swift in Sources */,
			);
			runOnlyForDeploymentPostprocessing = 0;
		};
		CB8AD2DF2BFD386D00A5296E /* Sources */ = {
			isa = PBXSourcesBuildPhase;
			buildActionMask = 2147483647;
			files = (
				CB8AD2EB2BFD386D00A5296E /* ContentView.swift in Sources */,
				CB765FE62BFD3B1C0041451E /* WatchToiOSConnector.swift in Sources */,
				CB8AD2E92BFD386D00A5296E /* ThereminApp.swift in Sources */,
			);
			runOnlyForDeploymentPostprocessing = 0;
		};
/* End PBXSourcesBuildPhase section */

/* Begin PBXTargetDependency section */
		CB8AD2E62BFD386D00A5296E /* PBXTargetDependency */ = {
			isa = PBXTargetDependency;
			target = CB8AD2E22BFD386D00A5296E /* Theremin Watch App */;
			targetProxy = CB8AD2E52BFD386D00A5296E /* PBXContainerItemProxy */;
		};
/* End PBXTargetDependency section */

/* Begin XCBuildConfiguration section */
		CB8AD2F12BFD386E00A5296E /* Debug */ = {
			isa = XCBuildConfiguration;
			buildSettings = {
				ALWAYS_SEARCH_USER_PATHS = NO;
				ASSETCATALOG_COMPILER_GENERATE_SWIFT_ASSET_SYMBOL_EXTENSIONS = YES;
				CLANG_ANALYZER_NONNULL = YES;
				CLANG_ANALYZER_NUMBER_OBJECT_CONVERSION = YES_AGGRESSIVE;
				CLANG_CXX_LANGUAGE_STANDARD = "gnu++20";
				CLANG_ENABLE_MODULES = YES;
				CLANG_ENABLE_OBJC_ARC = YES;
				CLANG_ENABLE_OBJC_WEAK = YES;
				CLANG_WARN_BLOCK_CAPTURE_AUTORELEASING = YES;
				CLANG_WARN_BOOL_CONVERSION = YES;
				CLANG_WARN_COMMA = YES;
				CLANG_WARN_CONSTANT_CONVERSION = YES;
				CLANG_WARN_DEPRECATED_OBJC_IMPLEMENTATIONS = YES;
				CLANG_WARN_DIRECT_OBJC_ISA_USAGE = YES_ERROR;
				CLANG_WARN_DOCUMENTATION_COMMENTS = YES;
				CLANG_WARN_EMPTY_BODY = YES;
				CLANG_WARN_ENUM_CONVERSION = YES;
				CLANG_WARN_INFINITE_RECURSION = YES;
				CLANG_WARN_INT_CONVERSION = YES;
				CLANG_WARN_NON_LITERAL_NULL_CONVERSION = YES;
				CLANG_WARN_OBJC_IMPLICIT_RETAIN_SELF = YES;
				CLANG_WARN_OBJC_LITERAL_CONVERSION = YES;
				CLANG_WARN_OBJC_ROOT_CLASS = YES_ERROR;
				CLANG_WARN_QUOTED_INCLUDE_IN_FRAMEWORK_HEADER = YES;
				CLANG_WARN_RANGE_LOOP_ANALYSIS = YES;
				CLANG_WARN_STRICT_PROTOTYPES = YES;
				CLANG_WARN_SUSPICIOUS_MOVE = YES;
				CLANG_WARN_UNGUARDED_AVAILABILITY = YES_AGGRESSIVE;
				CLANG_WARN_UNREACHABLE_CODE = YES;
				CLANG_WARN__DUPLICATE_METHOD_MATCH = YES;
				COPY_PHASE_STRIP = NO;
				DEBUG_INFORMATION_FORMAT = dwarf;
				ENABLE_STRICT_OBJC_MSGSEND = YES;
				ENABLE_TESTABILITY = YES;
				ENABLE_USER_SCRIPT_SANDBOXING = YES;
				GCC_C_LANGUAGE_STANDARD = gnu17;
				GCC_DYNAMIC_NO_PIC = NO;
				GCC_NO_COMMON_BLOCKS = YES;
				GCC_OPTIMIZATION_LEVEL = 0;
				GCC_PREPROCESSOR_DEFINITIONS = (
					"DEBUG=1",
					"$(inherited)",
				);
				GCC_WARN_64_TO_32_BIT_CONVERSION = YES;
				GCC_WARN_ABOUT_RETURN_TYPE = YES_ERROR;
				GCC_WARN_UNDECLARED_SELECTOR = YES;
				GCC_WARN_UNINITIALIZED_AUTOS = YES_AGGRESSIVE;
				GCC_WARN_UNUSED_FUNCTION = YES;
				GCC_WARN_UNUSED_VARIABLE = YES;
				LOCALIZATION_PREFERS_STRING_CATALOGS = YES;
				MTL_ENABLE_DEBUG_INFO = INCLUDE_SOURCE;
				MTL_FAST_MATH = YES;
				ONLY_ACTIVE_ARCH = YES;
				SWIFT_ACTIVE_COMPILATION_CONDITIONS = "DEBUG $(inherited)";
				SWIFT_OPTIMIZATION_LEVEL = "-Onone";
			};
			name = Debug;
		};
		CB8AD2F22BFD386E00A5296E /* Release */ = {
			isa = XCBuildConfiguration;
			buildSettings = {
				ALWAYS_SEARCH_USER_PATHS = NO;
				ASSETCATALOG_COMPILER_GENERATE_SWIFT_ASSET_SYMBOL_EXTENSIONS = YES;
				CLANG_ANALYZER_NONNULL = YES;
				CLANG_ANALYZER_NUMBER_OBJECT_CONVERSION = YES_AGGRESSIVE;
				CLANG_CXX_LANGUAGE_STANDARD = "gnu++20";
				CLANG_ENABLE_MODULES = YES;
				CLANG_ENABLE_OBJC_ARC = YES;
				CLANG_ENABLE_OBJC_WEAK = YES;
				CLANG_WARN_BLOCK_CAPTURE_AUTORELEASING = YES;
				CLANG_WARN_BOOL_CONVERSION = YES;
				CLANG_WARN_COMMA = YES;
				CLANG_WARN_CONSTANT_CONVERSION = YES;
				CLANG_WARN_DEPRECATED_OBJC_IMPLEMENTATIONS = YES;
				CLANG_WARN_DIRECT_OBJC_ISA_USAGE = YES_ERROR;
				CLANG_WARN_DOCUMENTATION_COMMENTS = YES;
				CLANG_WARN_EMPTY_BODY = YES;
				CLANG_WARN_ENUM_CONVERSION = YES;
				CLANG_WARN_INFINITE_RECURSION = YES;
				CLANG_WARN_INT_CONVERSION = YES;
				CLANG_WARN_NON_LITERAL_NULL_CONVERSION = YES;
				CLANG_WARN_OBJC_IMPLICIT_RETAIN_SELF = YES;
				CLANG_WARN_OBJC_LITERAL_CONVERSION = YES;
				CLANG_WARN_OBJC_ROOT_CLASS = YES_ERROR;
				CLANG_WARN_QUOTED_INCLUDE_IN_FRAMEWORK_HEADER = YES;
				CLANG_WARN_RANGE_LOOP_ANALYSIS = YES;
				CLANG_WARN_STRICT_PROTOTYPES = YES;
				CLANG_WARN_SUSPICIOUS_MOVE = YES;
				CLANG_WARN_UNGUARDED_AVAILABILITY = YES_AGGRESSIVE;
				CLANG_WARN_UNREACHABLE_CODE = YES;
				CLANG_WARN__DUPLICATE_METHOD_MATCH = YES;
				COPY_PHASE_STRIP = NO;
				DEBUG_INFORMATION_FORMAT = "dwarf-with-dsym";
				ENABLE_NS_ASSERTIONS = NO;
				ENABLE_STRICT_OBJC_MSGSEND = YES;
				ENABLE_USER_SCRIPT_SANDBOXING = YES;
				GCC_C_LANGUAGE_STANDARD = gnu17;
				GCC_NO_COMMON_BLOCKS = YES;
				GCC_WARN_64_TO_32_BIT_CONVERSION = YES;
				GCC_WARN_ABOUT_RETURN_TYPE = YES_ERROR;
				GCC_WARN_UNDECLARED_SELECTOR = YES;
				GCC_WARN_UNINITIALIZED_AUTOS = YES_AGGRESSIVE;
				GCC_WARN_UNUSED_FUNCTION = YES;
				GCC_WARN_UNUSED_VARIABLE = YES;
				LOCALIZATION_PREFERS_STRING_CATALOGS = YES;
				MTL_ENABLE_DEBUG_INFO = NO;
				MTL_FAST_MATH = YES;
				SWIFT_COMPILATION_MODE = wholemodule;
			};
			name = Release;
		};
		CB8AD2F42BFD386E00A5296E /* Debug */ = {
			isa = XCBuildConfiguration;
			buildSettings = {
				ASSETCATALOG_COMPILER_APPICON_NAME = AppIcon;
				ASSETCATALOG_COMPILER_GLOBAL_ACCENT_COLOR_NAME = AccentColor;
				CODE_SIGN_STYLE = Automatic;
				CURRENT_PROJECT_VERSION = 1;
				DEVELOPMENT_ASSET_PATHS = "\"Theremin Watch App/Preview Content\"";
				DEVELOPMENT_TEAM = 7P54MHXW3V;
				ENABLE_PREVIEWS = YES;
				GENERATE_INFOPLIST_FILE = YES;
				INFOPLIST_KEY_CFBundleDisplayName = Theremin;
				INFOPLIST_KEY_NSCameraUsageDescription = "uses true depth to measure hand distance from screen";
				INFOPLIST_KEY_UISupportedInterfaceOrientations = "UIInterfaceOrientationPortrait UIInterfaceOrientationPortraitUpsideDown";
				INFOPLIST_KEY_WKCompanionAppBundleIdentifier = com.mobileTheremin.Theremin;
				LD_RUNPATH_SEARCH_PATHS = (
					"$(inherited)",
					"@executable_path/Frameworks",
				);
				MARKETING_VERSION = 1.0;
				PRODUCT_BUNDLE_IDENTIFIER = com.mobileTheremin.Theremin.watchkitapp;
				PRODUCT_NAME = "$(TARGET_NAME)";
				SDKROOT = watchos;
				SKIP_INSTALL = YES;
				SWIFT_EMIT_LOC_STRINGS = YES;
				SWIFT_VERSION = 5.0;
				TARGETED_DEVICE_FAMILY = 4;
				WATCHOS_DEPLOYMENT_TARGET = 10.4;
			};
			name = Debug;
		};
		CB8AD2F52BFD386E00A5296E /* Release */ = {
			isa = XCBuildConfiguration;
			buildSettings = {
				ASSETCATALOG_COMPILER_APPICON_NAME = AppIcon;
				ASSETCATALOG_COMPILER_GLOBAL_ACCENT_COLOR_NAME = AccentColor;
				CODE_SIGN_STYLE = Automatic;
				CURRENT_PROJECT_VERSION = 1;
				DEVELOPMENT_ASSET_PATHS = "\"Theremin Watch App/Preview Content\"";
				DEVELOPMENT_TEAM = 7P54MHXW3V;
				ENABLE_PREVIEWS = YES;
				GENERATE_INFOPLIST_FILE = YES;
				INFOPLIST_KEY_CFBundleDisplayName = Theremin;
				INFOPLIST_KEY_NSCameraUsageDescription = "uses true depth to measure hand distance from screen";
				INFOPLIST_KEY_UISupportedInterfaceOrientations = "UIInterfaceOrientationPortrait UIInterfaceOrientationPortraitUpsideDown";
				INFOPLIST_KEY_WKCompanionAppBundleIdentifier = com.mobileTheremin.Theremin;
				LD_RUNPATH_SEARCH_PATHS = (
					"$(inherited)",
					"@executable_path/Frameworks",
				);
				MARKETING_VERSION = 1.0;
				PRODUCT_BUNDLE_IDENTIFIER = com.mobileTheremin.Theremin.watchkitapp;
				PRODUCT_NAME = "$(TARGET_NAME)";
				SDKROOT = watchos;
				SKIP_INSTALL = YES;
				SWIFT_EMIT_LOC_STRINGS = YES;
				SWIFT_VERSION = 5.0;
				TARGETED_DEVICE_FAMILY = 4;
				VALIDATE_PRODUCT = YES;
				WATCHOS_DEPLOYMENT_TARGET = 10.4;
			};
			name = Release;
		};
		CB8AD2F82BFD386E00A5296E /* Debug */ = {
			isa = XCBuildConfiguration;
			buildSettings = {
				ALWAYS_EMBED_SWIFT_STANDARD_LIBRARIES = YES;
				ASSETCATALOG_COMPILER_APPICON_NAME = AppIcon;
				ASSETCATALOG_COMPILER_GLOBAL_ACCENT_COLOR_NAME = AccentColor;
				CODE_SIGN_STYLE = Automatic;
				CURRENT_PROJECT_VERSION = 1;
				DEVELOPMENT_ASSET_PATHS = "\"Theremin/Preview Content\"";
				DEVELOPMENT_TEAM = 7P54MHXW3V;
				ENABLE_PREVIEWS = YES;
				GENERATE_INFOPLIST_FILE = YES;
				INFOPLIST_FILE = Theremin/Info.plist;
				INFOPLIST_KEY_CFBundleDisplayName = Theremin;
				INFOPLIST_KEY_NSCameraUsageDescription = "uses true depth to measure hand distance from screen";
				INFOPLIST_KEY_UIApplicationSceneManifest_Generation = YES;
				INFOPLIST_KEY_UIApplicationSupportsIndirectInputEvents = YES;
				INFOPLIST_KEY_UILaunchScreen_Generation = YES;
				INFOPLIST_KEY_UISupportedInterfaceOrientations_iPad = "UIInterfaceOrientationPortrait UIInterfaceOrientationPortraitUpsideDown UIInterfaceOrientationLandscapeLeft UIInterfaceOrientationLandscapeRight";
				INFOPLIST_KEY_UISupportedInterfaceOrientations_iPhone = "UIInterfaceOrientationPortrait UIInterfaceOrientationLandscapeLeft UIInterfaceOrientationLandscapeRight";
				IPHONEOS_DEPLOYMENT_TARGET = 17.4;
				LD_RUNPATH_SEARCH_PATHS = (
					"$(inherited)",
					"@executable_path/Frameworks",
				);
				MARKETING_VERSION = 1.0;
				PRODUCT_BUNDLE_IDENTIFIER = com.mobileTheremin.Theremin;
				PRODUCT_NAME = "$(TARGET_NAME)";
				SDKROOT = iphoneos;
				SWIFT_EMIT_LOC_STRINGS = YES;
				SWIFT_VERSION = 5.0;
				TARGETED_DEVICE_FAMILY = "1,2";
			};
			name = Debug;
		};
		CB8AD2F92BFD386E00A5296E /* Release */ = {
			isa = XCBuildConfiguration;
			buildSettings = {
				ALWAYS_EMBED_SWIFT_STANDARD_LIBRARIES = YES;
				ASSETCATALOG_COMPILER_APPICON_NAME = AppIcon;
				ASSETCATALOG_COMPILER_GLOBAL_ACCENT_COLOR_NAME = AccentColor;
				CODE_SIGN_STYLE = Automatic;
				CURRENT_PROJECT_VERSION = 1;
				DEVELOPMENT_ASSET_PATHS = "\"Theremin/Preview Content\"";
				DEVELOPMENT_TEAM = 7P54MHXW3V;
				ENABLE_PREVIEWS = YES;
				GENERATE_INFOPLIST_FILE = YES;
				INFOPLIST_FILE = Theremin/Info.plist;
				INFOPLIST_KEY_CFBundleDisplayName = Theremin;
				INFOPLIST_KEY_NSCameraUsageDescription = "uses true depth to measure hand distance from screen";
				INFOPLIST_KEY_UIApplicationSceneManifest_Generation = YES;
				INFOPLIST_KEY_UIApplicationSupportsIndirectInputEvents = YES;
				INFOPLIST_KEY_UILaunchScreen_Generation = YES;
				INFOPLIST_KEY_UISupportedInterfaceOrientations_iPad = "UIInterfaceOrientationPortrait UIInterfaceOrientationPortraitUpsideDown UIInterfaceOrientationLandscapeLeft UIInterfaceOrientationLandscapeRight";
				INFOPLIST_KEY_UISupportedInterfaceOrientations_iPhone = "UIInterfaceOrientationPortrait UIInterfaceOrientationLandscapeLeft UIInterfaceOrientationLandscapeRight";
				IPHONEOS_DEPLOYMENT_TARGET = 17.4;
				LD_RUNPATH_SEARCH_PATHS = (
					"$(inherited)",
					"@executable_path/Frameworks",
				);
				MARKETING_VERSION = 1.0;
				PRODUCT_BUNDLE_IDENTIFIER = com.mobileTheremin.Theremin;
				PRODUCT_NAME = "$(TARGET_NAME)";
				SDKROOT = iphoneos;
				SWIFT_EMIT_LOC_STRINGS = YES;
				SWIFT_VERSION = 5.0;
				TARGETED_DEVICE_FAMILY = "1,2";
				VALIDATE_PRODUCT = YES;
			};
			name = Release;
		};
/* End XCBuildConfiguration section */

/* Begin XCConfigurationList section */
		CB8AD2CE2BFD386C00A5296E /* Build configuration list for PBXProject "Theremin" */ = {
			isa = XCConfigurationList;
			buildConfigurations = (
				CB8AD2F12BFD386E00A5296E /* Debug */,
				CB8AD2F22BFD386E00A5296E /* Release */,
			);
			defaultConfigurationIsVisible = 0;
			defaultConfigurationName = Release;
		};
		CB8AD2F32BFD386E00A5296E /* Build configuration list for PBXNativeTarget "Theremin Watch App" */ = {
			isa = XCConfigurationList;
			buildConfigurations = (
				CB8AD2F42BFD386E00A5296E /* Debug */,
				CB8AD2F52BFD386E00A5296E /* Release */,
			);
			defaultConfigurationIsVisible = 0;
			defaultConfigurationName = Release;
		};
		CB8AD2F72BFD386E00A5296E /* Build configuration list for PBXNativeTarget "Theremin" */ = {
			isa = XCConfigurationList;
			buildConfigurations = (
				CB8AD2F82BFD386E00A5296E /* Debug */,
				CB8AD2F92BFD386E00A5296E /* Release */,
			);
			defaultConfigurationIsVisible = 0;
			defaultConfigurationName = Release;
		};
/* End XCConfigurationList section */

/* Begin XCRemoteSwiftPackageReference section */
		CB8AD2FC2BFD394100A5296E /* XCRemoteSwiftPackageReference "AudioKit" */ = {
			isa = XCRemoteSwiftPackageReference;
			repositoryURL = "https://github.com/AudioKit/AudioKit.git";
			requirement = {
				kind = upToNextMajorVersion;
				minimumVersion = 5.6.4;
			};
		};
		CB8AD2FD2BFD395000A5296E /* XCRemoteSwiftPackageReference "AudioKitEX" */ = {
			isa = XCRemoteSwiftPackageReference;
			repositoryURL = "https://github.com/AudioKit/AudioKitEX.git";
			requirement = {
				kind = upToNextMajorVersion;
				minimumVersion = 5.6.0;
			};
		};
		CB8AD2FE2BFD395D00A5296E /* XCRemoteSwiftPackageReference "AudioKitUI" */ = {
			isa = XCRemoteSwiftPackageReference;
			repositoryURL = "https://github.com/AudioKit/AudioKitUI.git";
			requirement = {
				kind = upToNextMajorVersion;
				minimumVersion = 0.3.7;
			};
		};
		CB8AD2FF2BFD396C00A5296E /* XCRemoteSwiftPackageReference "Keyboard" */ = {
			isa = XCRemoteSwiftPackageReference;
			repositoryURL = "https://github.com/AudioKit/Keyboard.git";
			requirement = {
				kind = upToNextMajorVersion;
				minimumVersion = 1.3.7;
			};
		};
		CB8AD3002BFD397900A5296E /* XCRemoteSwiftPackageReference "KissFFT" */ = {
			isa = XCRemoteSwiftPackageReference;
			repositoryURL = "https://github.com/AudioKit/KissFFT.git";
			requirement = {
				kind = upToNextMajorVersion;
				minimumVersion = 1.0.0;
			};
		};
		CB8AD3012BFD398B00A5296E /* XCRemoteSwiftPackageReference "SoundpipeAudioKit" */ = {
			isa = XCRemoteSwiftPackageReference;
			repositoryURL = "https://github.com/AudioKit/SoundpipeAudioKit.git";
			requirement = {
				kind = upToNextMajorVersion;
				minimumVersion = 5.6.1;
			};
		};
/* End XCRemoteSwiftPackageReference section */

/* Begin XCSwiftPackageProductDependency section */
		CB765FD32BFD39F40041451E /* AudioKit */ = {
			isa = XCSwiftPackageProductDependency;
			package = CB8AD2FC2BFD394100A5296E /* XCRemoteSwiftPackageReference "AudioKit" */;
			productName = AudioKit;
		};
		CB765FD52BFD3A390041451E /* AudioKitEX */ = {
			isa = XCSwiftPackageProductDependency;
			package = CB8AD2FD2BFD395000A5296E /* XCRemoteSwiftPackageReference "AudioKitEX" */;
			productName = AudioKitEX;
		};
		CB765FD72BFD3A3D0041451E /* AudioKitUI */ = {
			isa = XCSwiftPackageProductDependency;
			package = CB8AD2FE2BFD395D00A5296E /* XCRemoteSwiftPackageReference "AudioKitUI" */;
			productName = AudioKitUI;
		};
		CB765FD92BFD3A410041451E /* Keyboard */ = {
			isa = XCSwiftPackageProductDependency;
			package = CB8AD2FF2BFD396C00A5296E /* XCRemoteSwiftPackageReference "Keyboard" */;
			productName = Keyboard;
		};
		CB765FDB2BFD3A470041451E /* KissFFT */ = {
			isa = XCSwiftPackageProductDependency;
			package = CB8AD3002BFD397900A5296E /* XCRemoteSwiftPackageReference "KissFFT" */;
			productName = KissFFT;
		};
		CB765FDD2BFD3A4B0041451E /* SoundpipeAudioKit */ = {
			isa = XCSwiftPackageProductDependency;
			package = CB8AD3012BFD398B00A5296E /* XCRemoteSwiftPackageReference "SoundpipeAudioKit" */;
			productName = SoundpipeAudioKit;
		};
/* End XCSwiftPackageProductDependency section */
	};
	rootObject = CB8AD2CB2BFD386C00A5296E /* Project object */;
}
